{
  "name": "test-framework",
  "version": "1.0.0",
  "lockfileVersion": 2,
  "requires": true,
  "packages": {
    "": {
      "name": "test-framework",
      "version": "1.0.0",
      "license": "ISC",
      "dependencies": {
        "serverless-service-framework": "file:../../serverless-service-framework/"
      }
    },
    "..": {
      "version": "1.2.18",
      "integrity": "sha512-9mCuo2cPxGsX5UuuFXylFIx/tKRKvVYhQWEobN6QmE4VapYulLWiO6Yk2ndKHdeF7yG7WeIoFC/vNqnHMUhBvQ==",
      "dependencies": {
        "aws-sdk": "^2.573.0",
        "chalk": "^3.0.0",
        "change-case": "^3.1.0",
        "deasync": "^0.1.16",
        "fs-extra": "^8.1.0",
        "gluegun": "^4.7.0",
        "graphlib": "^2.1.7",
        "require-from-string": "^2.0.2",
        "runtypes": "^4.0.3",
        "serverless": "^1.58.0",
        "ts-node": "^8.5.0",
        "tsconfig-paths": "^3.9.0"
      },
      "bin": {
        "sls-sf": "bin/ssf.js",
        "ssf": "bin/ssf.js"
      },
      "devDependencies": {
        "@types/change-case": "^2.3.1",
        "@types/deasync": "^0.1.0",
        "@types/fs-extra": "^8.0.1",
        "@types/graphlib": "^2.1.5",
        "@types/node": "^12.12.7",
        "@types/require-from-string": "^1.2.0",
        "@typescript-eslint/eslint-plugin": "^2.6.1",
        "@typescript-eslint/parser": "^2.6.1",
        "eslint": "^6.6.0",
        "eslint-config-airbnb-typescript": "^6.1.0",
        "eslint-plugin-import": "^2.18.2",
        "eslint-plugin-jsx-a11y": "^6.2.3",
        "eslint-plugin-react": "^7.16.0",
        "eslint-plugin-react-hooks": "^1.7.0",
        "rimraf": "^3.0.0",
        "typescript": "^3.7.2"
      }
    },
    "../node_modules/@serverless/enterprise-plugin": {
      "version": "3.2.5",
      "resolved": "https://registry.npmjs.org/@serverless/enterprise-plugin/-/enterprise-plugin-3.2.5.tgz",
      "integrity": "sha512-E+1DYz/Wi/weD5KaACve4kGrrGwir99Kicsa51+QJEx8V4WJzP1sIF/o28vtaxBVHN93pRSsaEvfApjo2amqew==",
      "dependencies": {
        "@serverless/event-mocks": "^1.1.1",
        "@serverless/platform-sdk": "^2.0.3",
        "chalk": "^2.4.2",
        "flat": "^4.1.0",
        "fs-extra": "^7.0.1",
        "iso8601-duration": "^1.1.7",
        "isomorphic-fetch": "^2.2.1",
        "js-yaml": "^3.13.1",
        "jsonata": "^1.6.4",
        "jszip": "^3.2.1",
        "lodash": "^4.17.11",
        "moment": "^2.24.0",
        "node-dir": "^0.1.17",
        "node-fetch": "^2.3.0",
        "regenerator-runtime": "^0.13.1",
        "semver": "^5.6.0",
        "simple-git": "^1.118.0",
        "source-map-support": "^0.5.12",
        "update-notifier": "^2.5.0",
        "uuid": "^3.3.2",
        "yamljs": "^0.3.0"
      },
      "engines": {
        "node": ">=6.0"
      }
    },
    "../node_modules/@serverless/enterprise-plugin/node_modules/ansi-styles": {
      "version": "3.2.1",
      "resolved": "https://registry.npmjs.org/ansi-styles/-/ansi-styles-3.2.1.tgz",
      "integrity": "sha512-VT0ZI6kZRdTh8YyJw3SMbYm/u+NqfsAxEpWO0Pf9sq8/e94WxxOpPKx9FR1FlyCtOVDNOQ+8ntlqFxiRc+r5qA==",
      "dependencies": {
        "color-convert": "^1.9.0"
      },
      "engines": {
        "node": ">=4"
      }
    },
    "../node_modules/@serverless/enterprise-plugin/node_modules/chalk": {
      "version": "2.4.2",
      "resolved": "https://registry.npmjs.org/chalk/-/chalk-2.4.2.tgz",
      "integrity": "sha512-Mti+f9lpJNcwF4tWV8/OrTTtF1gZi+f8FqlyAdouralcFWFQWF2+NgCHShjkCb+IFBLq9buZwE1xckQU4peSuQ==",
      "dependencies": {
        "ansi-styles": "^3.2.1",
        "escape-string-regexp": "^1.0.5",
        "supports-color": "^5.3.0"
      },
      "engines": {
        "node": ">=4"
      }
    },
    "../node_modules/@serverless/enterprise-plugin/node_modules/color-convert": {
      "version": "1.9.3",
      "resolved": "https://registry.npmjs.org/color-convert/-/color-convert-1.9.3.tgz",
      "integrity": "sha512-QfAUtd+vFdAtFQcC8CCyYt1fYWxSqAiK2cSD6zDB8N3cpsEBAvRxp9zOGg6G/SHHJYAT88/az/IuDGALsNVbGg==",
      "dependencies": {
        "color-name": "1.1.3"
      }
    },
    "../node_modules/@serverless/enterprise-plugin/node_modules/color-name": {
      "version": "1.1.3",
      "resolved": "https://registry.npmjs.org/color-name/-/color-name-1.1.3.tgz",
      "integrity": "sha1-p9BVi9icQveV3UIyj3QIMcpTvCU="
    },
    "../node_modules/@serverless/enterprise-plugin/node_modules/fs-extra": {
      "version": "7.0.1",
      "resolved": "https://registry.npmjs.org/fs-extra/-/fs-extra-7.0.1.tgz",
      "integrity": "sha512-YJDaCJZEnBmcbw13fvdAM9AwNOJwOzrE4pqMqBq5nFiEqXUqHwlK4B+3pUw6JNvfSPtX05xFHtYy/1ni01eGCw==",
      "dependencies": {
        "graceful-fs": "^4.1.2",
        "jsonfile": "^4.0.0",
        "universalify": "^0.1.0"
      },
      "engines": {
        "node": ">=6 <7 || >=8"
      }
    },
    "../node_modules/@serverless/enterprise-plugin/node_modules/has-flag": {
      "version": "3.0.0",
      "resolved": "https://registry.npmjs.org/has-flag/-/has-flag-3.0.0.tgz",
      "integrity": "sha1-tdRU3CGZriJWmfNGfloH87lVuv0=",
      "engines": {
        "node": ">=4"
      }
    },
    "../node_modules/@serverless/enterprise-plugin/node_modules/node-fetch": {
      "version": "2.6.0",
      "resolved": "https://registry.npmjs.org/node-fetch/-/node-fetch-2.6.0.tgz",
      "integrity": "sha512-8dG4H5ujfvFiqDmVu9fQ5bOHUC15JMjMY/Zumv26oOvvVJjM67KF8koCWIabKQ1GJIa9r2mMZscBq/TbdOcmNA==",
      "engines": {
        "node": "4.x || >=6.0.0"
      }
    },
    "../node_modules/@serverless/enterprise-plugin/node_modules/supports-color": {
      "version": "5.5.0",
      "resolved": "https://registry.npmjs.org/supports-color/-/supports-color-5.5.0.tgz",
      "integrity": "sha512-QjVjwdXIt408MIiAqCX4oUKsgU2EqAGzs2Ppkm4aQYbjm+ZEWEcW4SfFNTr4uMNZma0ey4f5lgLrkB0aX0QMow==",
      "dependencies": {
        "has-flag": "^3.0.0"
      },
      "engines": {
        "node": ">=4"
      }
    },
    "../node_modules/ansi-styles": {
      "version": "4.2.0",
      "resolved": "https://registry.npmjs.org/ansi-styles/-/ansi-styles-4.2.0.tgz",
      "integrity": "sha512-7kFQgnEaMdRtwf6uSfUnVr9gSGC7faurn+J/Mv90/W+iTtN0405/nLdopfMWwchyxhbGYl6TC4Sccn9TUkGAgg==",
      "dependencies": {
        "@types/color-name": "^1.1.1",
        "color-convert": "^2.0.1"
      },
      "engines": {
        "node": ">=8"
      }
    },
    "../node_modules/aws-sdk": {
      "version": "2.580.0",
      "resolved": "https://registry.npmjs.org/aws-sdk/-/aws-sdk-2.580.0.tgz",
      "integrity": "sha512-YUn/LgaSjWuFDCAIOiOvyXbuRpNEzTPLbwRs3GpEmrP1hJrOChXh0p7GH61sTZdeJZarCSETUOWU5ngjpCOjKA==",
      "dependencies": {
        "buffer": "^4.9.1",
        "events": "^1.1.1",
        "ieee754": "^1.1.13",
        "jmespath": "^0.15.0",
        "querystring": "^0.2.0",
        "sax": "^1.2.1",
        "url": "^0.10.3",
        "uuid": "^3.3.2",
        "xml2js": "^0.4.19"
      },
      "engines": {
        "node": ">= 0.8.0"
      }
    },
    "../node_modules/buffer": {
      "version": "4.9.2",
      "resolved": "https://registry.npmjs.org/buffer/-/buffer-4.9.2.tgz",
      "integrity": "sha512-xq+q3SRMOxGivLhBNaUdC64hDTQwejJ+H0T/NB1XMtTVEwNTrfFF3gAxiyW0Bu/xWEGhjVKgUcMhCrUy2+uCWg==",
      "dependencies": {
        "base64-js": "^1.0.2",
        "ieee754": "^1.1.4",
        "isarray": "^1.0.0"
      }
    },
    "../node_modules/cachedir": {
      "version": "2.3.0",
      "resolved": "https://registry.npmjs.org/cachedir/-/cachedir-2.3.0.tgz",
      "integrity": "sha512-A+Fezp4zxnit6FanDmv9EqXNAi3vt9DWp51/71UEhXukb7QUuvtv9344h91dyAxuTLoSYJFU299qzR3tzwPAhw==",
      "engines": {
        "node": ">=6"
      }
    },
    "../node_modules/chalk": {
      "version": "3.0.0",
      "resolved": "https://registry.npmjs.org/chalk/-/chalk-3.0.0.tgz",
      "integrity": "sha512-4D3B6Wf41KOYRFdszmDqMCGq5VV/uMAB273JILmO+3jAlh8X4qDtdtgCR3fxtbLEMzSx22QdhnDcJvu2u1fVwg==",
      "dependencies": {
        "ansi-styles": "^4.1.0",
        "supports-color": "^7.1.0"
      },
      "engines": {
        "node": ">=8"
      }
    },
    "../node_modules/color-convert": {
      "version": "2.0.1",
      "resolved": "https://registry.npmjs.org/color-convert/-/color-convert-2.0.1.tgz",
      "integrity": "sha512-RRECPsj7iu/xb5oKYcsFHSppFNnsj/52OVTRKb4zP5onXwVF3zVmmToNcOfGC+CRDpfK/U584fMg38ZHCaElKQ==",
      "dependencies": {
        "color-name": "~1.1.4"
      },
      "engines": {
        "node": ">=7.0.0"
      }
    },
    "../node_modules/color-name": {
      "version": "1.1.4",
      "resolved": "https://registry.npmjs.org/color-name/-/color-name-1.1.4.tgz",
      "integrity": "sha512-dOy+3AuW3a2wNbZHIuMZpTcgjGuLU/uBL/ubcZF9OXbDo8ff4O8yVp5Bf0efS8uEoYo5q4Fx7dY9OgQGXgAsQA=="
    },
    "../node_modules/fs-extra": {
      "version": "8.1.0",
      "resolved": "https://registry.npmjs.org/fs-extra/-/fs-extra-8.1.0.tgz",
      "integrity": "sha512-yhlQgA6mnOJUKOsRUFsgJdQCvkKhcz8tlZG5HBQfReYZy46OwLcY+Zia0mtdHsOo9y/hP+CxMN0TU9QxoOtG4g==",
      "dependencies": {
        "graceful-fs": "^4.2.0",
        "jsonfile": "^4.0.0",
        "universalify": "^0.1.0"
      },
      "engines": {
        "node": ">=6 <7 || >=8"
      }
    },
    "../node_modules/has-flag": {
      "version": "4.0.0",
      "resolved": "https://registry.npmjs.org/has-flag/-/has-flag-4.0.0.tgz",
      "integrity": "sha512-EykJT/Q1KjTWctppgIAgfSO0tKVuZUjhgMr17kqTumMl6Afv3EISleU7qZUzoXDFTAHTDC4NOoG/ZxU3EvlMPQ==",
      "engines": {
        "node": ">=8"
      }
    },
    "../node_modules/serverless": {
      "version": "1.58.0",
      "resolved": "https://registry.npmjs.org/serverless/-/serverless-1.58.0.tgz",
      "integrity": "sha512-jSZ58fyQKr1T8+aiZiQPcL/2+MZzQHmiR2WMqf4h6fRPyoYZbvvoTlxfjVK9ZubVLvbLKKJL24KbS0cragmJxA==",
      "deprecated": "v1 is no longer maintained. To avoid security and functionality issues please upgrade to latest version",
      "hasInstallScript": true,
      "dependencies": {
        "@serverless/cli": "^1.4.0",
        "@serverless/enterprise-plugin": "^3.2.4",
        "archiver": "^1.3.0",
        "async": "^1.5.2",
        "aws-sdk": "^2.575.0",
        "bluebird": "^3.7.1",
        "cachedir": "^2.3.0",
        "chalk": "^2.4.2",
        "ci-info": "^1.6.0",
        "download": "^5.0.3",
        "fast-levenshtein": "^2.0.6",
        "filesize": "^3.6.1",
        "fs-extra": "^0.30.0",
        "get-stdin": "^5.0.1",
        "globby": "^6.1.0",
        "graceful-fs": "4.2.1",
        "https-proxy-agent": "^3.0.1",
        "inquirer": "^6.5.2",
        "is-docker": "^1.1.0",
        "is-wsl": "^2.1.1",
        "js-yaml": "^3.13.1",
        "json-cycle": "^1.3.0",
        "json-refs": "^2.1.7",
        "jszip": "^3.2.2",
        "jwt-decode": "^2.2.0",
        "lodash": "^4.17.15",
        "minimist": "^1.2.0",
        "mkdirp": "^0.5.1",
        "moment": "^2.24.0",
        "nanomatch": "^1.2.13",
        "ncjsm": "^4.0.1",
        "node-fetch": "^1.7.3",
        "object-hash": "^1.3.1",
        "p-limit": "^2.2.1",
        "promise-queue": "^2.2.5",
        "raven": "^1.2.1",
        "rc": "^1.2.8",
        "replaceall": "^0.1.6",
        "semver": "^5.7.1",
        "semver-regex": "^1.0.0",
        "tabtab": "^3.0.2",
        "untildify": "^3.0.3",
        "update-notifier": "^2.5.0",
        "uuid": "^2.0.3",
        "write-file-atomic": "^2.4.3",
        "yaml-ast-parser": "0.0.43"
      },
      "bin": {
        "serverless": "bin/serverless.js",
        "sls": "bin/serverless.js",
        "slss": "bin/serverless.js"
      },
      "engines": {
        "node": ">=6.0"
      }
    },
    "../node_modules/serverless/node_modules/ansi-styles": {
      "version": "3.2.1",
      "resolved": "https://registry.npmjs.org/ansi-styles/-/ansi-styles-3.2.1.tgz",
      "integrity": "sha512-VT0ZI6kZRdTh8YyJw3SMbYm/u+NqfsAxEpWO0Pf9sq8/e94WxxOpPKx9FR1FlyCtOVDNOQ+8ntlqFxiRc+r5qA==",
      "dependencies": {
        "color-convert": "^1.9.0"
      },
      "engines": {
        "node": ">=4"
      }
    },
    "../node_modules/serverless/node_modules/chalk": {
      "version": "2.4.2",
      "resolved": "https://registry.npmjs.org/chalk/-/chalk-2.4.2.tgz",
      "integrity": "sha512-Mti+f9lpJNcwF4tWV8/OrTTtF1gZi+f8FqlyAdouralcFWFQWF2+NgCHShjkCb+IFBLq9buZwE1xckQU4peSuQ==",
      "dependencies": {
        "ansi-styles": "^3.2.1",
        "escape-string-regexp": "^1.0.5",
        "supports-color": "^5.3.0"
      },
      "engines": {
        "node": ">=4"
      }
    },
    "../node_modules/serverless/node_modules/color-convert": {
      "version": "1.9.3",
      "resolved": "https://registry.npmjs.org/color-convert/-/color-convert-1.9.3.tgz",
      "integrity": "sha512-QfAUtd+vFdAtFQcC8CCyYt1fYWxSqAiK2cSD6zDB8N3cpsEBAvRxp9zOGg6G/SHHJYAT88/az/IuDGALsNVbGg==",
      "dependencies": {
        "color-name": "1.1.3"
      }
    },
    "../node_modules/serverless/node_modules/color-name": {
      "version": "1.1.3",
      "resolved": "https://registry.npmjs.org/color-name/-/color-name-1.1.3.tgz",
      "integrity": "sha1-p9BVi9icQveV3UIyj3QIMcpTvCU="
    },
    "../node_modules/serverless/node_modules/fs-extra": {
      "version": "0.30.0",
      "resolved": "https://registry.npmjs.org/fs-extra/-/fs-extra-0.30.0.tgz",
      "integrity": "sha1-8jP/zAjU2n1DLapEl3aYnbHfk/A=",
      "dependencies": {
        "graceful-fs": "^4.1.2",
        "jsonfile": "^2.1.0",
        "klaw": "^1.0.0",
        "path-is-absolute": "^1.0.0",
        "rimraf": "^2.2.8"
      }
    },
    "../node_modules/serverless/node_modules/has-flag": {
      "version": "3.0.0",
      "resolved": "https://registry.npmjs.org/has-flag/-/has-flag-3.0.0.tgz",
      "integrity": "sha1-tdRU3CGZriJWmfNGfloH87lVuv0=",
      "engines": {
        "node": ">=4"
      }
    },
    "../node_modules/serverless/node_modules/jsonfile": {
      "version": "2.4.0",
      "resolved": "https://registry.npmjs.org/jsonfile/-/jsonfile-2.4.0.tgz",
      "integrity": "sha1-NzaitCi4e72gzIO1P6PWM6NcKug=",
      "optionalDependencies": {
        "graceful-fs": "^4.1.6"
      }
    },
    "../node_modules/serverless/node_modules/supports-color": {
      "version": "5.5.0",
      "resolved": "https://registry.npmjs.org/supports-color/-/supports-color-5.5.0.tgz",
      "integrity": "sha512-QjVjwdXIt408MIiAqCX4oUKsgU2EqAGzs2Ppkm4aQYbjm+ZEWEcW4SfFNTr4uMNZma0ey4f5lgLrkB0aX0QMow==",
      "dependencies": {
        "has-flag": "^3.0.0"
      },
      "engines": {
        "node": ">=4"
      }
    },
    "../node_modules/serverless/node_modules/uuid": {
      "version": "2.0.3",
      "resolved": "https://registry.npmjs.org/uuid/-/uuid-2.0.3.tgz",
      "integrity": "sha1-Z+LoY3lyFVMN/zGOW/nc6/1Hsho=",
      "deprecated": "Please upgrade  to version 7 or higher.  Older versions may use Math.random() in certain circumstances, which is known to be problematic.  See https://v8.dev/blog/math-random for details."
    },
    "../node_modules/supports-color": {
      "version": "7.1.0",
      "resolved": "https://registry.npmjs.org/supports-color/-/supports-color-7.1.0.tgz",
      "integrity": "sha512-oRSIpR8pxT1Wr2FquTNnGet79b3BWljqOuoW/h4oBhxJ/HUbX5nX6JSruTkvXDCFMwDPvsaTTbvMLKZWSy0R5g==",
      "dependencies": {
        "has-flag": "^4.0.0"
      },
      "engines": {
        "node": ">=8"
      }
    },
    "../node_modules/uuid": {
      "version": "3.3.3",
      "resolved": "https://registry.npmjs.org/uuid/-/uuid-3.3.3.tgz",
      "integrity": "sha512-pW0No1RGHgzlpHJO1nsVrHKpOEIxkGg1xB+v0ZmdNH5OAeAwzAVrCnI2/6Mtx+Uys6iaylxa+D3g4j63IKKjSQ==",
      "deprecated": "Please upgrade  to version 7 or higher.  Older versions may use Math.random() in certain circumstances, which is known to be problematic.  See https://v8.dev/blog/math-random for details.",
      "bin": {
        "uuid": "bin/uuid"
      }
    },
    "node_modules/serverless-service-framework": {
      "resolved": "..",
      "link": true
    }
  },
  "dependencies": {
    "serverless-service-framework": {
      "version": "file:..",
      "requires": {
        "@types/change-case": "^2.3.1",
        "@types/deasync": "^0.1.0",
        "@types/fs-extra": "^8.0.1",
        "@types/graphlib": "^2.1.5",
        "@types/node": "^12.12.7",
        "@types/require-from-string": "^1.2.0",
        "@typescript-eslint/eslint-plugin": "^2.6.1",
        "@typescript-eslint/parser": "^2.6.1",
        "aws-sdk": "^2.573.0",
        "chalk": "^3.0.0",
        "change-case": "^3.1.0",
        "deasync": "^0.1.16",
        "eslint": "^6.6.0",
        "eslint-config-airbnb-typescript": "^6.1.0",
        "eslint-plugin-import": "^2.18.2",
        "eslint-plugin-jsx-a11y": "^6.2.3",
        "eslint-plugin-react": "^7.16.0",
        "eslint-plugin-react-hooks": "^1.7.0",
        "fs-extra": "^8.1.0",
        "gluegun": "^4.7.0",
        "graphlib": "^2.1.7",
        "require-from-string": "^2.0.2",
        "rimraf": "^3.0.0",
        "runtypes": "^4.0.3",
        "serverless": "^1.58.0",
        "ts-node": "^8.5.0",
        "tsconfig-paths": "^3.9.0",
        "typescript": "^3.7.2"
      },
      "dependencies": {
        "@serverless/enterprise-plugin": {
          "version": "3.2.5",
          "resolved": "https://registry.npmjs.org/@serverless/enterprise-plugin/-/enterprise-plugin-3.2.5.tgz",
          "integrity": "sha512-E+1DYz/Wi/weD5KaACve4kGrrGwir99Kicsa51+QJEx8V4WJzP1sIF/o28vtaxBVHN93pRSsaEvfApjo2amqew==",
          "requires": {
            "@serverless/event-mocks": "^1.1.1",
            "@serverless/platform-sdk": "^2.0.3",
            "chalk": "^2.4.2",
            "flat": "^4.1.0",
            "fs-extra": "^7.0.1",
            "iso8601-duration": "^1.1.7",
            "isomorphic-fetch": "^2.2.1",
            "js-yaml": "^3.13.1",
            "jsonata": "^1.6.4",
            "jszip": "^3.2.1",
            "lodash": "^4.17.11",
            "moment": "^2.24.0",
            "node-dir": "^0.1.17",
            "node-fetch": "^2.3.0",
            "regenerator-runtime": "^0.13.1",
            "semver": "^5.6.0",
            "simple-git": "^1.118.0",
            "source-map-support": "^0.5.12",
            "update-notifier": "^2.5.0",
            "uuid": "^3.3.2",
            "yamljs": "^0.3.0"
          },
          "dependencies": {
            "ansi-styles": {
              "version": "3.2.1",
              "resolved": "https://registry.npmjs.org/ansi-styles/-/ansi-styles-3.2.1.tgz",
              "integrity": "sha512-VT0ZI6kZRdTh8YyJw3SMbYm/u+NqfsAxEpWO0Pf9sq8/e94WxxOpPKx9FR1FlyCtOVDNOQ+8ntlqFxiRc+r5qA==",
              "requires": {
                "color-convert": "^1.9.0"
              }
            },
            "chalk": {
              "version": "2.4.2",
              "resolved": "https://registry.npmjs.org/chalk/-/chalk-2.4.2.tgz",
              "integrity": "sha512-Mti+f9lpJNcwF4tWV8/OrTTtF1gZi+f8FqlyAdouralcFWFQWF2+NgCHShjkCb+IFBLq9buZwE1xckQU4peSuQ==",
              "requires": {
                "ansi-styles": "^3.2.1",
                "escape-string-regexp": "^1.0.5",
                "supports-color": "^5.3.0"
              }
            },
            "color-convert": {
              "version": "1.9.3",
              "resolved": "https://registry.npmjs.org/color-convert/-/color-convert-1.9.3.tgz",
              "integrity": "sha512-QfAUtd+vFdAtFQcC8CCyYt1fYWxSqAiK2cSD6zDB8N3cpsEBAvRxp9zOGg6G/SHHJYAT88/az/IuDGALsNVbGg==",
              "requires": {
                "color-name": "1.1.3"
              }
            },
            "color-name": {
              "version": "1.1.3",
              "resolved": "https://registry.npmjs.org/color-name/-/color-name-1.1.3.tgz",
              "integrity": "sha1-p9BVi9icQveV3UIyj3QIMcpTvCU="
            },
            "fs-extra": {
              "version": "7.0.1",
              "resolved": "https://registry.npmjs.org/fs-extra/-/fs-extra-7.0.1.tgz",
              "integrity": "sha512-YJDaCJZEnBmcbw13fvdAM9AwNOJwOzrE4pqMqBq5nFiEqXUqHwlK4B+3pUw6JNvfSPtX05xFHtYy/1ni01eGCw==",
              "requires": {
                "graceful-fs": "^4.1.2",
                "jsonfile": "^4.0.0",
                "universalify": "^0.1.0"
              }
            },
            "has-flag": {
              "version": "3.0.0",
              "resolved": "https://registry.npmjs.org/has-flag/-/has-flag-3.0.0.tgz",
              "integrity": "sha1-tdRU3CGZriJWmfNGfloH87lVuv0="
            },
            "node-fetch": {
              "version": "2.6.0",
              "resolved": "https://registry.npmjs.org/node-fetch/-/node-fetch-2.6.0.tgz",
              "integrity": "sha512-8dG4H5ujfvFiqDmVu9fQ5bOHUC15JMjMY/Zumv26oOvvVJjM67KF8koCWIabKQ1GJIa9r2mMZscBq/TbdOcmNA=="
            },
            "supports-color": {
              "version": "5.5.0",
              "resolved": "https://registry.npmjs.org/supports-color/-/supports-color-5.5.0.tgz",
              "integrity": "sha512-QjVjwdXIt408MIiAqCX4oUKsgU2EqAGzs2Ppkm4aQYbjm+ZEWEcW4SfFNTr4uMNZma0ey4f5lgLrkB0aX0QMow==",
              "requires": {
                "has-flag": "^3.0.0"
              }
            }
          }
        },
        "ansi-styles": {
          "version": "4.2.0",
          "resolved": "https://registry.npmjs.org/ansi-styles/-/ansi-styles-4.2.0.tgz",
          "integrity": "sha512-7kFQgnEaMdRtwf6uSfUnVr9gSGC7faurn+J/Mv90/W+iTtN0405/nLdopfMWwchyxhbGYl6TC4Sccn9TUkGAgg==",
          "requires": {
            "@types/color-name": "^1.1.1",
            "color-convert": "^2.0.1"
          }
        },
        "aws-sdk": {
          "version": "2.580.0",
          "resolved": "https://registry.npmjs.org/aws-sdk/-/aws-sdk-2.580.0.tgz",
          "integrity": "sha512-YUn/LgaSjWuFDCAIOiOvyXbuRpNEzTPLbwRs3GpEmrP1hJrOChXh0p7GH61sTZdeJZarCSETUOWU5ngjpCOjKA==",
          "requires": {
            "buffer": "^4.9.1",
            "events": "^1.1.1",
            "ieee754": "^1.1.13",
            "jmespath": "^0.15.0",
            "querystring": "^0.2.0",
            "sax": "^1.2.1",
            "url": "^0.10.3",
            "uuid": "^3.3.2",
            "xml2js": "^0.4.19"
          }
        },
        "buffer": {
          "version": "4.9.2",
          "resolved": "https://registry.npmjs.org/buffer/-/buffer-4.9.2.tgz",
          "integrity": "sha512-xq+q3SRMOxGivLhBNaUdC64hDTQwejJ+H0T/NB1XMtTVEwNTrfFF3gAxiyW0Bu/xWEGhjVKgUcMhCrUy2+uCWg==",
          "requires": {
            "base64-js": "^1.0.2",
            "ieee754": "^1.1.4",
            "isarray": "^1.0.0"
          }
        },
        "cachedir": {
          "version": "2.3.0",
          "resolved": "https://registry.npmjs.org/cachedir/-/cachedir-2.3.0.tgz",
          "integrity": "sha512-A+Fezp4zxnit6FanDmv9EqXNAi3vt9DWp51/71UEhXukb7QUuvtv9344h91dyAxuTLoSYJFU299qzR3tzwPAhw=="
        },
        "chalk": {
          "version": "3.0.0",
          "resolved": "https://registry.npmjs.org/chalk/-/chalk-3.0.0.tgz",
          "integrity": "sha512-4D3B6Wf41KOYRFdszmDqMCGq5VV/uMAB273JILmO+3jAlh8X4qDtdtgCR3fxtbLEMzSx22QdhnDcJvu2u1fVwg==",
          "requires": {
            "ansi-styles": "^4.1.0",
            "supports-color": "^7.1.0"
          }
        },
        "color-convert": {
          "version": "2.0.1",
          "resolved": "https://registry.npmjs.org/color-convert/-/color-convert-2.0.1.tgz",
          "integrity": "sha512-RRECPsj7iu/xb5oKYcsFHSppFNnsj/52OVTRKb4zP5onXwVF3zVmmToNcOfGC+CRDpfK/U584fMg38ZHCaElKQ==",
          "requires": {
            "color-name": "~1.1.4"
          }
        },
        "color-name": {
          "version": "1.1.4",
          "resolved": "https://registry.npmjs.org/color-name/-/color-name-1.1.4.tgz",
          "integrity": "sha512-dOy+3AuW3a2wNbZHIuMZpTcgjGuLU/uBL/ubcZF9OXbDo8ff4O8yVp5Bf0efS8uEoYo5q4Fx7dY9OgQGXgAsQA=="
        },
        "fs-extra": {
          "version": "8.1.0",
          "resolved": "https://registry.npmjs.org/fs-extra/-/fs-extra-8.1.0.tgz",
          "integrity": "sha512-yhlQgA6mnOJUKOsRUFsgJdQCvkKhcz8tlZG5HBQfReYZy46OwLcY+Zia0mtdHsOo9y/hP+CxMN0TU9QxoOtG4g==",
          "requires": {
            "graceful-fs": "^4.2.0",
            "jsonfile": "^4.0.0",
            "universalify": "^0.1.0"
          }
        },
        "has-flag": {
          "version": "4.0.0",
          "resolved": "https://registry.npmjs.org/has-flag/-/has-flag-4.0.0.tgz",
          "integrity": "sha512-EykJT/Q1KjTWctppgIAgfSO0tKVuZUjhgMr17kqTumMl6Afv3EISleU7qZUzoXDFTAHTDC4NOoG/ZxU3EvlMPQ=="
        },
        "serverless": {
          "version": "1.58.0",
          "resolved": "https://registry.npmjs.org/serverless/-/serverless-1.58.0.tgz",
          "integrity": "sha512-jSZ58fyQKr1T8+aiZiQPcL/2+MZzQHmiR2WMqf4h6fRPyoYZbvvoTlxfjVK9ZubVLvbLKKJL24KbS0cragmJxA==",
          "requires": {
            "@serverless/cli": "^1.4.0",
            "@serverless/enterprise-plugin": "^3.2.4",
            "archiver": "^1.3.0",
            "async": "^1.5.2",
            "aws-sdk": "^2.575.0",
            "bluebird": "^3.7.1",
            "cachedir": "^2.3.0",
            "chalk": "^2.4.2",
            "ci-info": "^1.6.0",
            "download": "^5.0.3",
            "fast-levenshtein": "^2.0.6",
            "filesize": "^3.6.1",
            "fs-extra": "^0.30.0",
            "get-stdin": "^5.0.1",
            "globby": "^6.1.0",
            "graceful-fs": "4.2.1",
            "https-proxy-agent": "^3.0.1",
            "inquirer": "^6.5.2",
            "is-docker": "^1.1.0",
            "is-wsl": "^2.1.1",
            "js-yaml": "^3.13.1",
            "json-cycle": "^1.3.0",
            "json-refs": "^2.1.7",
            "jszip": "^3.2.2",
            "jwt-decode": "^2.2.0",
            "lodash": "^4.17.15",
            "minimist": "^1.2.0",
            "mkdirp": "^0.5.1",
            "moment": "^2.24.0",
            "nanomatch": "^1.2.13",
            "ncjsm": "^4.0.1",
            "node-fetch": "^1.7.3",
            "object-hash": "^1.3.1",
            "p-limit": "^2.2.1",
            "promise-queue": "^2.2.5",
            "raven": "^1.2.1",
            "rc": "^1.2.8",
            "replaceall": "^0.1.6",
            "semver": "^5.7.1",
            "semver-regex": "^1.0.0",
            "tabtab": "^3.0.2",
            "untildify": "^3.0.3",
            "update-notifier": "^2.5.0",
            "uuid": "^2.0.3",
            "write-file-atomic": "^2.4.3",
            "yaml-ast-parser": "0.0.43"
          },
          "dependencies": {
            "ansi-styles": {
              "version": "3.2.1",
              "resolved": "https://registry.npmjs.org/ansi-styles/-/ansi-styles-3.2.1.tgz",
              "integrity": "sha512-VT0ZI6kZRdTh8YyJw3SMbYm/u+NqfsAxEpWO0Pf9sq8/e94WxxOpPKx9FR1FlyCtOVDNOQ+8ntlqFxiRc+r5qA==",
              "requires": {
                "color-convert": "^1.9.0"
              }
            },
            "chalk": {
              "version": "2.4.2",
              "resolved": "https://registry.npmjs.org/chalk/-/chalk-2.4.2.tgz",
              "integrity": "sha512-Mti+f9lpJNcwF4tWV8/OrTTtF1gZi+f8FqlyAdouralcFWFQWF2+NgCHShjkCb+IFBLq9buZwE1xckQU4peSuQ==",
              "requires": {
                "ansi-styles": "^3.2.1",
                "escape-string-regexp": "^1.0.5",
                "supports-color": "^5.3.0"
              }
            },
            "color-convert": {
              "version": "1.9.3",
              "resolved": "https://registry.npmjs.org/color-convert/-/color-convert-1.9.3.tgz",
              "integrity": "sha512-QfAUtd+vFdAtFQcC8CCyYt1fYWxSqAiK2cSD6zDB8N3cpsEBAvRxp9zOGg6G/SHHJYAT88/az/IuDGALsNVbGg==",
              "requires": {
                "color-name": "1.1.3"
              }
            },
            "color-name": {
              "version": "1.1.3",
              "resolved": "https://registry.npmjs.org/color-name/-/color-name-1.1.3.tgz",
              "integrity": "sha1-p9BVi9icQveV3UIyj3QIMcpTvCU="
            },
            "fs-extra": {
              "version": "0.30.0",
              "resolved": "https://registry.npmjs.org/fs-extra/-/fs-extra-0.30.0.tgz",
              "integrity": "sha1-8jP/zAjU2n1DLapEl3aYnbHfk/A=",
              "requires": {
                "graceful-fs": "^4.1.2",
                "jsonfile": "^2.1.0",
                "klaw": "^1.0.0",
                "path-is-absolute": "^1.0.0",
                "rimraf": "^2.2.8"
              }
            },
            "has-flag": {
              "version": "3.0.0",
              "resolved": "https://registry.npmjs.org/has-flag/-/has-flag-3.0.0.tgz",
              "integrity": "sha1-tdRU3CGZriJWmfNGfloH87lVuv0="
            },
            "jsonfile": {
              "version": "2.4.0",
              "resolved": "https://registry.npmjs.org/jsonfile/-/jsonfile-2.4.0.tgz",
              "integrity": "sha1-NzaitCi4e72gzIO1P6PWM6NcKug=",
              "requires": {
                "graceful-fs": "^4.1.6"
              }
            },
            "supports-color": {
              "version": "5.5.0",
              "resolved": "https://registry.npmjs.org/supports-color/-/supports-color-5.5.0.tgz",
              "integrity": "sha512-QjVjwdXIt408MIiAqCX4oUKsgU2EqAGzs2Ppkm4aQYbjm+ZEWEcW4SfFNTr4uMNZma0ey4f5lgLrkB0aX0QMow==",
              "requires": {
                "has-flag": "^3.0.0"
              }
            },
            "uuid": {
              "version": "2.0.3",
              "resolved": "https://registry.npmjs.org/uuid/-/uuid-2.0.3.tgz",
              "integrity": "sha1-Z+LoY3lyFVMN/zGOW/nc6/1Hsho="
            }
          }
        },
        "supports-color": {
          "version": "7.1.0",
          "resolved": "https://registry.npmjs.org/supports-color/-/supports-color-7.1.0.tgz",
          "integrity": "sha512-oRSIpR8pxT1Wr2FquTNnGet79b3BWljqOuoW/h4oBhxJ/HUbX5nX6JSruTkvXDCFMwDPvsaTTbvMLKZWSy0R5g==",
          "requires": {
            "has-flag": "^4.0.0"
          }
        },
        "uuid": {
          "version": "3.3.3",
          "resolved": "https://registry.npmjs.org/uuid/-/uuid-3.3.3.tgz",
          "integrity": "sha512-pW0No1RGHgzlpHJO1nsVrHKpOEIxkGg1xB+v0ZmdNH5OAeAwzAVrCnI2/6Mtx+Uys6iaylxa+D3g4j63IKKjSQ=="
        }
      }
    }
  }
}
